<?xml version="1.0" encoding="utf-8"?>
<Project ToolsVersion="4.0" xmlns="http://schemas.microsoft.com/developer/msbuild/2003">
  <ItemGroup>
    <Filter Include="Archivos de código fuente">
      <UniqueIdentifier>{4FC737F1-C7A5-4376-A066-2A32D752A2FF}</UniqueIdentifier>
      <Extensions>cpp;c;cc;cxx;c++;cppm;ixx;def;odl;idl;hpj;bat;asm;asmx</Extensions>
    </Filter>
    <Filter Include="Archivos de encabezado">
      <UniqueIdentifier>{93995380-89BD-4b04-88EB-625FBE52EBFB}</UniqueIdentifier>
      <Extensions>h;hh;hpp;hxx;h++;hm;inl;inc;ipp;xsd</Extensions>
    </Filter>
    <Filter Include="Archivos de recursos">
      <UniqueIdentifier>{67DA6AB6-F800-4c08-8B7A-83BB121AAD01}</UniqueIdentifier>
      <Extensions>rc;ico;cur;bmp;dlg;rc2;rct;bin;rgs;gif;jpg;jpeg;jpe;resx;tiff;tif;png;wav;mfcribbon-ms</Extensions>
    </Filter>
    <Filter Include="Archivos de código fuente\Componentes">
      <UniqueIdentifier>{45945b5e-df99-42a8-a091-79ecce07c6e7}</UniqueIdentifier>
    </Filter>
    <Filter Include="Archivos de encabezado\Componentes">
      <UniqueIdentifier>{7669426f-7db8-46bf-ab2c-826d9b0e361b}</UniqueIdentifier>
    </Filter>
    <Filter Include="Archivos de encabezado\Aux">
      <UniqueIdentifier>{8a5f6b7a-15ca-41bc-9404-8cea02b458e9}</UniqueIdentifier>
    </Filter>
    <Filter Include="Archivos de código fuente\Scripts">
      <UniqueIdentifier>{a5f7dbc7-cd7a-460a-a474-b53a6ccca792}</UniqueIdentifier>
    </Filter>
    <Filter Include="Archivos de encabezado\Scripts">
      <UniqueIdentifier>{effa39c0-66ea-4578-8393-26ea6392773f}</UniqueIdentifier>
    </Filter>
  </ItemGroup>
  <ItemGroup>
    <ClCompile Include="game.cpp">
      <Filter>Archivos de código fuente</Filter>
    </ClCompile>
    <ClCompile Include="main.cpp">
      <Filter>Archivos de código fuente</Filter>
    </ClCompile>
    <ClCompile Include="texture.cpp">
      <Filter>Archivos de código fuente</Filter>
    </ClCompile>
    <ClCompile Include="GameObject.cpp">
      <Filter>Archivos de código fuente</Filter>
    </ClCompile>
    <ClCompile Include="Transform.cpp">
      <Filter>Archivos de código fuente\Componentes</Filter>
    </ClCompile>
    <ClCompile Include="SpriteRenderer.cpp">
      <Filter>Archivos de código fuente\Componentes</Filter>
    </ClCompile>
    <ClCompile Include="MonoBehaviour.cpp">
      <Filter>Archivos de código fuente</Filter>
    </ClCompile>
    <ClCompile Include="Button.cpp">
      <Filter>Archivos de código fuente\Componentes</Filter>
    </ClCompile>
    <ClCompile Include="Text.cpp">
      <Filter>Archivos de código fuente\Componentes</Filter>
    </ClCompile>
    <ClCompile Include="Book.cpp">
      <Filter>Archivos de código fuente\Scripts</Filter>
    </ClCompile>
    <ClCompile Include="LoadTexts.cpp">
      <Filter>Archivos de código fuente\Scripts</Filter>
    </ClCompile>
    <ClCompile Include="Selector.cpp">
      <Filter>Archivos de código fuente\Scripts</Filter>
    </ClCompile>
    <ClCompile Include="RunicTest.cpp">
      <Filter>Archivos de código fuente\Scripts</Filter>
    </ClCompile>
    <ClCompile Include="Notebook.cpp">
      <Filter>Archivos de código fuente\Scripts</Filter>
    </ClCompile>
  </ItemGroup>
  <ItemGroup>
    <ClInclude Include="game.h">
      <Filter>Archivos de encabezado</Filter>
    </ClInclude>
    <ClInclude Include="GameObject.h">
      <Filter>Archivos de encabezado</Filter>
    </ClInclude>
    <ClInclude Include="MonoBehaviour.h">
      <Filter>Archivos de encabezado</Filter>
    </ClInclude>
    <ClInclude Include="Component.h">
      <Filter>Archivos de encabezado\Componentes</Filter>
    </ClInclude>
    <ClInclude Include="Transform.h">
      <Filter>Archivos de encabezado\Componentes</Filter>
    </ClInclude>
    <ClInclude Include="SpriteRenderer.h">
      <Filter>Archivos de encabezado\Componentes</Filter>
    </ClInclude>
    <ClInclude Include="Button.h">
      <Filter>Archivos de encabezado\Componentes</Filter>
    </ClInclude>
    <ClInclude Include="Text.h">
      <Filter>Archivos de encabezado\Componentes</Filter>
    </ClInclude>
    <ClInclude Include="vector2D.h">
      <Filter>Archivos de encabezado\Aux</Filter>
    </ClInclude>
    <ClInclude Include="LoadTexts.h">
      <Filter>Archivos de encabezado\Scripts</Filter>
    </ClInclude>
    <ClInclude Include="Book.h">
      <Filter>Archivos de encabezado\Scripts</Filter>
    </ClInclude>
    <ClInclude Include="Selector.h">
      <Filter>Archivos de encabezado\Scripts</Filter>
    </ClInclude>
    <ClInclude Include="RunicTest.h">
      <Filter>Archivos de encabezado\Scripts</Filter>
    </ClInclude>
    <ClInclude Include="Notebook.h">
      <Filter>Archivos de encabezado</Filter>
    </ClInclude>
    <ClInclude Include="texture.h">
      <Filter>Archivos de encabezado\Scripts</Filter>
    </ClInclude>
  </ItemGroup>
  <ItemGroup>
    <None Include="..\assets\data\texts.txt">
      <Filter>Archivos de recursos</Filter>
    </None>
  </ItemGroup>
  <ItemGroup>
    <Text Include="..\assets\data\notes.txt">
      <Filter>Archivos de recursos</Filter>
    </Text>
  </ItemGroup>
</Project>